{
  "lockfileVersion": 1,
  "workspaces": {
    "": {
      "dependencies": {
        "react-hook-form": "^7.67.0",
      },
    },
  },
  "packages": {
    "react": ["react@19.2.0", "", {}, "sha512-tmbWg6W31tQLeB5cdIBOicJDJRR2KzXsV7uSK9iNfLWQ5bIZfxuPEHp7M8wiHyHnn0DD1i7w3Zmin0FtkrwoCQ=="],

    "react-hook-form": ["react-hook-form@7.67.0", "", { "peerDependencies": { "react": "^16.8.0 || ^17 || ^18 || ^19" } }, "sha512-E55EOwKJHHIT/I6J9DmQbCWToAYSw9nN5R57MZw9rMtjh+YQreMDxRLfdjfxQbiJ3/qbg3Z02wGzBX4M+5fMtQ=="],
  }
}
